
Microsoft Visual Studio Solution File, Format Version 12.00
# Visual Studio Version 16
VisualStudioVersion = 16.0.29102.190
MinimumVisualStudioVersion = 10.0.40219.1
Project("{FAE04EC0-301F-11D3-BF4B-00C04F79EFBC}") = "ReactSampleProj", "ReactSampleProj.csproj", "{0B7FDCE2-DBE8-4A02-A0E3-7979C1F63CA7}"
EndProject
Global
	GlobalSection(SolutionConfigurationPlatforms) = preSolution
		Debug|Any CPU = Debug|Any CPU
		Release|Any CPU = Release|Any CPU
	EndGlobalSection
	GlobalSection(ProjectConfigurationPlatforms) = postSolution
		{0B7FDCE2-DBE8-4A02-A0E3-7979C1F63CA7}.Debug|Any CPU.ActiveCfg = Debug|Any CPU
		{0B7FDCE2-DBE8-4A02-A0E3-7979C1F63CA7}.Debug|Any CPU.Build.0 = Debug|Any CPU
		{0B7FDCE2-DBE8-4A02-A0E3-7979C1F63CA7}.Release|Any CPU.ActiveCfg = Release|Any CPU
		{0B7FDCE2-DBE8-4A02-A0E3-7979C1F63CA7}.Release|Any CPU.Build.0 = Release|Any CPU
	EndGlobalSection
	GlobalSection(SolutionProperties) = preSolution
		HideSolutionNode = FALSE
	EndGlobalSection
	GlobalSection(ExtensibilityGlobals) = postSolution
		SolutionGuid = {8D5AF9C5-447E-4019-B347-78D56ECE760D}
	EndGlobalSection
EndGlobal
